// !$*UTF8*$!
{
	archiveVersion = 1;
	classes = {
	};
	objectVersion = 55;
	objects = {

/* Begin PBXBuildFile section */
		8C41B7A1283BBF28008085F4 /* AppDelegate.swift in Sources */ = {isa = PBXBuildFile; fileRef = 8C41B7A0283BBF28008085F4 /* AppDelegate.swift */; };
		8C41B7A3283BBF28008085F4 /* SceneDelegate.swift in Sources */ = {isa = PBXBuildFile; fileRef = 8C41B7A2283BBF28008085F4 /* SceneDelegate.swift */; };
		8C41B7A5283BBF28008085F4 /* RepositoryViewController.swift in Sources */ = {isa = PBXBuildFile; fileRef = 8C41B7A4283BBF28008085F4 /* RepositoryViewController.swift */; };
		8C41B7A8283BBF28008085F4 /* RepositoryStoryboard.storyboard in Resources */ = {isa = PBXBuildFile; fileRef = 8C41B7A6283BBF28008085F4 /* RepositoryStoryboard.storyboard */; };
		8C41B7AA283BBF28008085F4 /* Assets.xcassets in Resources */ = {isa = PBXBuildFile; fileRef = 8C41B7A9283BBF28008085F4 /* Assets.xcassets */; };
		8C41B7AD283BBF28008085F4 /* LaunchScreen.storyboard in Resources */ = {isa = PBXBuildFile; fileRef = 8C41B7AB283BBF28008085F4 /* LaunchScreen.storyboard */; };
		8C805BA3283D1CAE00962026 /* Repository.swift in Sources */ = {isa = PBXBuildFile; fileRef = 8C805BA2283D1CAE00962026 /* Repository.swift */; };
		8C805BA5283D325D00962026 /* RepositoryTableViewCell.swift in Sources */ = {isa = PBXBuildFile; fileRef = 8C805BA4283D325D00962026 /* RepositoryTableViewCell.swift */; };
		8CB0B5FC283E6EA700C455B5 /* Owner.swift in Sources */ = {isa = PBXBuildFile; fileRef = 8CB0B5FB283E6EA700C455B5 /* Owner.swift */; };
		8CBBA932284691A2004412A7 /* REST.swift in Sources */ = {isa = PBXBuildFile; fileRef = 8CBBA931284691A2004412A7 /* REST.swift */; };
		8CBBA9562847DF1A004412A7 /* RepositoryResponse.swift in Sources */ = {isa = PBXBuildFile; fileRef = 8CBBA9552847DF1A004412A7 /* RepositoryResponse.swift */; };
		8CBBA95B2847FB7F004412A7 /* Kingfisher in Frameworks */ = {isa = PBXBuildFile; productRef = 8CBBA95A2847FB7F004412A7 /* Kingfisher */; };
		8CF0EAD6283BC52E005716D3 /* PullRequestStoryboard.storyboard in Resources */ = {isa = PBXBuildFile; fileRef = 8CF0EAD5283BC52E005716D3 /* PullRequestStoryboard.storyboard */; };
		8CF0EAD8283BC5AD005716D3 /* PullRequestViewController.swift in Sources */ = {isa = PBXBuildFile; fileRef = 8CF0EAD7283BC5AD005716D3 /* PullRequestViewController.swift */; };
		8CFE7A432849018D00D201CC /* PullRequestTableViewCell.swift in Sources */ = {isa = PBXBuildFile; fileRef = 8CFE7A422849018D00D201CC /* PullRequestTableViewCell.swift */; };
		8CFE7A4528490D4100D201CC /* PullRequest.swift in Sources */ = {isa = PBXBuildFile; fileRef = 8CFE7A4428490D4100D201CC /* PullRequest.swift */; };
/* End PBXBuildFile section */

/* Begin PBXFileReference section */
		8C41B79D283BBF28008085F4 /* GithubJavaPop.app */ = {isa = PBXFileReference; explicitFileType = wrapper.application; includeInIndex = 0; path = GithubJavaPop.app; sourceTree = BUILT_PRODUCTS_DIR; };
		8C41B7A0283BBF28008085F4 /* AppDelegate.swift */ = {isa = PBXFileReference; lastKnownFileType = sourcecode.swift; path = AppDelegate.swift; sourceTree = "<group>"; };
		8C41B7A2283BBF28008085F4 /* SceneDelegate.swift */ = {isa = PBXFileReference; lastKnownFileType = sourcecode.swift; path = SceneDelegate.swift; sourceTree = "<group>"; };
		8C41B7A4283BBF28008085F4 /* RepositoryViewController.swift */ = {isa = PBXFileReference; lastKnownFileType = sourcecode.swift; path = RepositoryViewController.swift; sourceTree = "<group>"; };
		8C41B7A7283BBF28008085F4 /* Base */ = {isa = PBXFileReference; lastKnownFileType = file.storyboard; name = Base; path = Base.lproj/RepositoryStoryboard.storyboard; sourceTree = "<group>"; };
		8C41B7A9283BBF28008085F4 /* Assets.xcassets */ = {isa = PBXFileReference; lastKnownFileType = folder.assetcatalog; path = Assets.xcassets; sourceTree = "<group>"; };
		8C41B7AC283BBF28008085F4 /* Base */ = {isa = PBXFileReference; lastKnownFileType = file.storyboard; name = Base; path = Base.lproj/LaunchScreen.storyboard; sourceTree = "<group>"; };
		8C41B7AE283BBF28008085F4 /* Info.plist */ = {isa = PBXFileReference; lastKnownFileType = text.plist.xml; path = Info.plist; sourceTree = "<group>"; };
		8C805BA2283D1CAE00962026 /* Repository.swift */ = {isa = PBXFileReference; lastKnownFileType = sourcecode.swift; path = Repository.swift; sourceTree = "<group>"; };
		8C805BA4283D325D00962026 /* RepositoryTableViewCell.swift */ = {isa = PBXFileReference; lastKnownFileType = sourcecode.swift; path = RepositoryTableViewCell.swift; sourceTree = "<group>"; };
		8CB0B5FB283E6EA700C455B5 /* Owner.swift */ = {isa = PBXFileReference; lastKnownFileType = sourcecode.swift; path = Owner.swift; sourceTree = "<group>"; };
		8CBBA931284691A2004412A7 /* REST.swift */ = {isa = PBXFileReference; lastKnownFileType = sourcecode.swift; path = REST.swift; sourceTree = "<group>"; };
		8CBBA9552847DF1A004412A7 /* RepositoryResponse.swift */ = {isa = PBXFileReference; lastKnownFileType = sourcecode.swift; path = RepositoryResponse.swift; sourceTree = "<group>"; };
		8CF0EAD5283BC52E005716D3 /* PullRequestStoryboard.storyboard */ = {isa = PBXFileReference; lastKnownFileType = file.storyboard; path = PullRequestStoryboard.storyboard; sourceTree = "<group>"; };
		8CF0EAD7283BC5AD005716D3 /* PullRequestViewController.swift */ = {isa = PBXFileReference; lastKnownFileType = sourcecode.swift; path = PullRequestViewController.swift; sourceTree = "<group>"; };
		8CFE7A422849018D00D201CC /* PullRequestTableViewCell.swift */ = {isa = PBXFileReference; lastKnownFileType = sourcecode.swift; path = PullRequestTableViewCell.swift; sourceTree = "<group>"; };
		8CFE7A4428490D4100D201CC /* PullRequest.swift */ = {isa = PBXFileReference; lastKnownFileType = sourcecode.swift; path = PullRequest.swift; sourceTree = "<group>"; };
/* End PBXFileReference section */

/* Begin PBXFrameworksBuildPhase section */
		8C41B79A283BBF28008085F4 /* Frameworks */ = {
			isa = PBXFrameworksBuildPhase;
			buildActionMask = 2147483647;
			files = (
				8CBBA95B2847FB7F004412A7 /* Kingfisher in Frameworks */,
			);
			runOnlyForDeploymentPostprocessing = 0;
		};
/* End PBXFrameworksBuildPhase section */

/* Begin PBXGroup section */
		8C41B794283BBF28008085F4 = {
			isa = PBXGroup;
			children = (
				8C41B79F283BBF28008085F4 /* GithubJavaPop */,
				8C41B79E283BBF28008085F4 /* Products */,
			);
			sourceTree = "<group>";
		};
		8C41B79E283BBF28008085F4 /* Products */ = {
			isa = PBXGroup;
			children = (
				8C41B79D283BBF28008085F4 /* GithubJavaPop.app */,
			);
			name = Products;
			sourceTree = "<group>";
		};
		8C41B79F283BBF28008085F4 /* GithubJavaPop */ = {
			isa = PBXGroup;
			children = (
				8C41B7A2283BBF28008085F4 /* SceneDelegate.swift */,
				8C41B7A0283BBF28008085F4 /* AppDelegate.swift */,
				8C805BAA283D572600962026 /* Scenes */,
				8C805BA7283D4D3B00962026 /* Models */,
				8CBBA9302846915C004412A7 /* Networking */,
				8C805BA9283D4D5F00962026 /* Files */,
				8C41B7A9283BBF28008085F4 /* Assets.xcassets */,
				8C41B7AE283BBF28008085F4 /* Info.plist */,
			);
			path = GithubJavaPop;
			sourceTree = "<group>";
		};
		8C805BA6283D4D3200962026 /* PullRequest */ = {
			isa = PBXGroup;
			children = (
				8CF0EAD5283BC52E005716D3 /* PullRequestStoryboard.storyboard */,
				8CFE7A422849018D00D201CC /* PullRequestTableViewCell.swift */,
				8CF0EAD7283BC5AD005716D3 /* PullRequestViewController.swift */,
			);
			path = PullRequest;
			sourceTree = "<group>";
		};
		8C805BA7283D4D3B00962026 /* Models */ = {
			isa = PBXGroup;
			children = (
				8CFE7A4428490D4100D201CC /* PullRequest.swift */,
				8CBBA9552847DF1A004412A7 /* RepositoryResponse.swift */,
				8C805BA2283D1CAE00962026 /* Repository.swift */,
				8CB0B5FB283E6EA700C455B5 /* Owner.swift */,
			);
			path = Models;
			sourceTree = "<group>";
		};
		8C805BA8283D4D4D00962026 /* Repository */ = {
			isa = PBXGroup;
			children = (
				8C41B7A6283BBF28008085F4 /* RepositoryStoryboard.storyboard */,
				8C805BA4283D325D00962026 /* RepositoryTableViewCell.swift */,
				8C41B7A4283BBF28008085F4 /* RepositoryViewController.swift */,
			);
			path = Repository;
			sourceTree = "<group>";
		};
		8C805BA9283D4D5F00962026 /* Files */ = {
			isa = PBXGroup;
			children = (
				8C41B7AB283BBF28008085F4 /* LaunchScreen.storyboard */,
			);
			path = Files;
			sourceTree = "<group>";
		};
		8C805BAA283D572600962026 /* Scenes */ = {
			isa = PBXGroup;
			children = (
				8C805BA8283D4D4D00962026 /* Repository */,
				8C805BA6283D4D3200962026 /* PullRequest */,
			);
			path = Scenes;
			sourceTree = "<group>";
		};
		8CBBA9302846915C004412A7 /* Networking */ = {
			isa = PBXGroup;
			children = (
				8CBBA931284691A2004412A7 /* REST.swift */,
			);
			path = Networking;
			sourceTree = "<group>";
		};
/* End PBXGroup section */

/* Begin PBXNativeTarget section */
		8C41B79C283BBF28008085F4 /* GithubJavaPop */ = {
			isa = PBXNativeTarget;
			buildConfigurationList = 8C41B7B1283BBF28008085F4 /* Build configuration list for PBXNativeTarget "GithubJavaPop" */;
			buildPhases = (
				8C41B799283BBF28008085F4 /* Sources */,
				8C41B79A283BBF28008085F4 /* Frameworks */,
				8C41B79B283BBF28008085F4 /* Resources */,
			);
			buildRules = (
			);
			dependencies = (
			);
			name = GithubJavaPop;
			packageProductDependencies = (
				8CBBA95A2847FB7F004412A7 /* Kingfisher */,
			);
			productName = GithubJavaPop;
			productReference = 8C41B79D283BBF28008085F4 /* GithubJavaPop.app */;
			productType = "com.apple.product-type.application";
		};
/* End PBXNativeTarget section */

/* Begin PBXProject section */
		8C41B795283BBF28008085F4 /* Project object */ = {
			isa = PBXProject;
			attributes = {
				BuildIndependentTargetsInParallel = 1;
				LastSwiftUpdateCheck = 1320;
				LastUpgradeCheck = 1320;
				TargetAttributes = {
					8C41B79C283BBF28008085F4 = {
						CreatedOnToolsVersion = 13.2.1;
					};
				};
			};
			buildConfigurationList = 8C41B798283BBF28008085F4 /* Build configuration list for PBXProject "GithubJavaPop" */;
			compatibilityVersion = "Xcode 13.0";
			developmentRegion = en;
			hasScannedForEncodings = 0;
			knownRegions = (
				en,
				Base,
			);
			mainGroup = 8C41B794283BBF28008085F4;
			packageReferences = (
				8CBBA9592847FB7F004412A7 /* XCRemoteSwiftPackageReference "Kingfisher" */,
			);
			productRefGroup = 8C41B79E283BBF28008085F4 /* Products */;
			projectDirPath = "";
			projectRoot = "";
			targets = (
				8C41B79C283BBF28008085F4 /* GithubJavaPop */,
			);
		};
/* End PBXProject section */

/* Begin PBXResourcesBuildPhase section */
		8C41B79B283BBF28008085F4 /* Resources */ = {
			isa = PBXResourcesBuildPhase;
			buildActionMask = 2147483647;
			files = (
				8CF0EAD6283BC52E005716D3 /* PullRequestStoryboard.storyboard in Resources */,
				8C41B7AD283BBF28008085F4 /* LaunchScreen.storyboard in Resources */,
				8C41B7AA283BBF28008085F4 /* Assets.xcassets in Resources */,
				8C41B7A8283BBF28008085F4 /* RepositoryStoryboard.storyboard in Resources */,
			);
			runOnlyForDeploymentPostprocessing = 0;
		};
/* End PBXResourcesBuildPhase section */

/* Begin PBXSourcesBuildPhase section */
		8C41B799283BBF28008085F4 /* Sources */ = {
			isa = PBXSourcesBuildPhase;
			buildActionMask = 2147483647;
			files = (
				8CF0EAD8283BC5AD005716D3 /* PullRequestViewController.swift in Sources */,
				8C41B7A5283BBF28008085F4 /* RepositoryViewController.swift in Sources */,
				8CB0B5FC283E6EA700C455B5 /* Owner.swift in Sources */,
				8CBBA932284691A2004412A7 /* REST.swift in Sources */,
				8CBBA9562847DF1A004412A7 /* RepositoryResponse.swift in Sources */,
				8C805BA3283D1CAE00962026 /* Repository.swift in Sources */,
				8CFE7A4528490D4100D201CC /* PullRequest.swift in Sources */,
				8CFE7A432849018D00D201CC /* PullRequestTableViewCell.swift in Sources */,
				8C41B7A1283BBF28008085F4 /* AppDelegate.swift in Sources */,
				8C41B7A3283BBF28008085F4 /* SceneDelegate.swift in Sources */,
				8C805BA5283D325D00962026 /* RepositoryTableViewCell.swift in Sources */,
			);
			runOnlyForDeploymentPostprocessing = 0;
		};
/* End PBXSourcesBuildPhase section */

/* Begin PBXVariantGroup section */
		8C41B7A6283BBF28008085F4 /* RepositoryStoryboard.storyboard */ = {
			isa = PBXVariantGroup;
			children = (
				8C41B7A7283BBF28008085F4 /* Base */,
			);
			name = RepositoryStoryboard.storyboard;
			sourceTree = "<group>";
		};
		8C41B7AB283BBF28008085F4 /* LaunchScreen.storyboard */ = {
			isa = PBXVariantGroup;
			children = (
				8C41B7AC283BBF28008085F4 /* Base */,
			);
			name = LaunchScreen.storyboard;
			sourceTree = "<group>";
		};
/* End PBXVariantGroup section */

/* Begin XCBuildConfiguration section */
		8C41B7AF283BBF28008085F4 /* Debug */ = {
			isa = XCBuildConfiguration;
			buildSettings = {
				ALWAYS_SEARCH_USER_PATHS = NO;
				CLANG_ANALYZER_NONNULL = YES;
				CLANG_ANALYZER_NUMBER_OBJECT_CONVERSION = YES_AGGRESSIVE;
				CLANG_CXX_LANGUAGE_STANDARD = "gnu++17";
				CLANG_CXX_LIBRARY = "libc++";
				CLANG_ENABLE_MODULES = YES;
				CLANG_ENABLE_OBJC_ARC = YES;
				CLANG_ENABLE_OBJC_WEAK = YES;
				CLANG_WARN_BLOCK_CAPTURE_AUTORELEASING = YES;
				CLANG_WARN_BOOL_CONVERSION = YES;
				CLANG_WARN_COMMA = YES;
				CLANG_WARN_CONSTANT_CONVERSION = YES;
				CLANG_WARN_DEPRECATED_OBJC_IMPLEMENTATIONS = YES;
				CLANG_WARN_DIRECT_OBJC_ISA_USAGE = YES_ERROR;
				CLANG_WARN_DOCUMENTATION_COMMENTS = YES;
				CLANG_WARN_EMPTY_BODY = YES;
				CLANG_WARN_ENUM_CONVERSION = YES;
				CLANG_WARN_INFINITE_RECURSION = YES;
				CLANG_WARN_INT_CONVERSION = YES;
				CLANG_WARN_NON_LITERAL_NULL_CONVERSION = YES;
				CLANG_WARN_OBJC_IMPLICIT_RETAIN_SELF = YES;
				CLANG_WARN_OBJC_LITERAL_CONVERSION = YES;
				CLANG_WARN_OBJC_ROOT_CLASS = YES_ERROR;
				CLANG_WARN_QUOTED_INCLUDE_IN_FRAMEWORK_HEADER = YES;
				CLANG_WARN_RANGE_LOOP_ANALYSIS = YES;
				CLANG_WARN_STRICT_PROTOTYPES = YES;
				CLANG_WARN_SUSPICIOUS_MOVE = YES;
				CLANG_WARN_UNGUARDED_AVAILABILITY = YES_AGGRESSIVE;
				CLANG_WARN_UNREACHABLE_CODE = YES;
				CLANG_WARN__DUPLICATE_METHOD_MATCH = YES;
				COPY_PHASE_STRIP = NO;
				DEBUG_INFORMATION_FORMAT = dwarf;
				ENABLE_STRICT_OBJC_MSGSEND = YES;
				ENABLE_TESTABILITY = YES;
				GCC_C_LANGUAGE_STANDARD = gnu11;
				GCC_DYNAMIC_NO_PIC = NO;
				GCC_NO_COMMON_BLOCKS = YES;
				GCC_OPTIMIZATION_LEVEL = 0;
				GCC_PREPROCESSOR_DEFINITIONS = (
					"DEBUG=1",
					"$(inherited)",
				);
				GCC_WARN_64_TO_32_BIT_CONVERSION = YES;
				GCC_WARN_ABOUT_RETURN_TYPE = YES_ERROR;
				GCC_WARN_UNDECLARED_SELECTOR = YES;
				GCC_WARN_UNINITIALIZED_AUTOS = YES_AGGRESSIVE;
				GCC_WARN_UNUSED_FUNCTION = YES;
				GCC_WARN_UNUSED_VARIABLE = YES;
				IPHONEOS_DEPLOYMENT_TARGET = 15.2;
				MTL_ENABLE_DEBUG_INFO = INCLUDE_SOURCE;
				MTL_FAST_MATH = YES;
				ONLY_ACTIVE_ARCH = YES;
				SDKROOT = iphoneos;
				SWIFT_ACTIVE_COMPILATION_CONDITIONS = DEBUG;
				SWIFT_OPTIMIZATION_LEVEL = "-Onone";
			};
			name = Debug;
		};
		8C41B7B0283BBF28008085F4 /* Release */ = {
			isa = XCBuildConfiguration;
			buildSettings = {
				ALWAYS_SEARCH_USER_PATHS = NO;
				CLANG_ANALYZER_NONNULL = YES;
				CLANG_ANALYZER_NUMBER_OBJECT_CONVERSION = YES_AGGRESSIVE;
				CLANG_CXX_LANGUAGE_STANDARD = "gnu++17";
				CLANG_CXX_LIBRARY = "libc++";
				CLANG_ENABLE_MODULES = YES;
				CLANG_ENABLE_OBJC_ARC = YES;
				CLANG_ENABLE_OBJC_WEAK = YES;
				CLANG_WARN_BLOCK_CAPTURE_AUTORELEASING = YES;
				CLANG_WARN_BOOL_CONVERSION = YES;
				CLANG_WARN_COMMA = YES;
				CLANG_WARN_CONSTANT_CONVERSION = YES;
				CLANG_WARN_DEPRECATED_OBJC_IMPLEMENTATIONS = YES;
				CLANG_WARN_DIRECT_OBJC_ISA_USAGE = YES_ERROR;
				CLANG_WARN_DOCUMENTATION_COMMENTS = YES;
				CLANG_WARN_EMPTY_BODY = YES;
				CLANG_WARN_ENUM_CONVERSION = YES;
				CLANG_WARN_INFINITE_RECURSION = YES;
				CLANG_WARN_INT_CONVERSION = YES;
				CLANG_WARN_NON_LITERAL_NULL_CONVERSION = YES;
				CLANG_WARN_OBJC_IMPLICIT_RETAIN_SELF = YES;
				CLANG_WARN_OBJC_LITERAL_CONVERSION = YES;
				CLANG_WARN_OBJC_ROOT_CLASS = YES_ERROR;
				CLANG_WARN_QUOTED_INCLUDE_IN_FRAMEWORK_HEADER = YES;
				CLANG_WARN_RANGE_LOOP_ANALYSIS = YES;
				CLANG_WARN_STRICT_PROTOTYPES = YES;
				CLANG_WARN_SUSPICIOUS_MOVE = YES;
				CLANG_WARN_UNGUARDED_AVAILABILITY = YES_AGGRESSIVE;
				CLANG_WARN_UNREACHABLE_CODE = YES;
				CLANG_WARN__DUPLICATE_METHOD_MATCH = YES;
				COPY_PHASE_STRIP = NO;
				DEBUG_INFORMATION_FORMAT = "dwarf-with-dsym";
				ENABLE_NS_ASSERTIONS = NO;
				ENABLE_STRICT_OBJC_MSGSEND = YES;
				GCC_C_LANGUAGE_STANDARD = gnu11;
				GCC_NO_COMMON_BLOCKS = YES;
				GCC_WARN_64_TO_32_BIT_CONVERSION = YES;
				GCC_WARN_ABOUT_RETURN_TYPE = YES_ERROR;
				GCC_WARN_UNDECLARED_SELECTOR = YES;
				GCC_WARN_UNINITIALIZED_AUTOS = YES_AGGRESSIVE;
				GCC_WARN_UNUSED_FUNCTION = YES;
				GCC_WARN_UNUSED_VARIABLE = YES;
				IPHONEOS_DEPLOYMENT_TARGET = 15.2;
				MTL_ENABLE_DEBUG_INFO = NO;
				MTL_FAST_MATH = YES;
				SDKROOT = iphoneos;
				SWIFT_COMPILATION_MODE = wholemodule;
				SWIFT_OPTIMIZATION_LEVEL = "-O";
				VALIDATE_PRODUCT = YES;
			};
			name = Release;
		};
		8C41B7B2283BBF28008085F4 /* Debug */ = {
			isa = XCBuildConfiguration;
			buildSettings = {
				ASSETCATALOG_COMPILER_APPICON_NAME = AppIcon;
				ASSETCATALOG_COMPILER_GLOBAL_ACCENT_COLOR_NAME = AccentColor;
				CODE_SIGN_STYLE = Automatic;
				CURRENT_PROJECT_VERSION = 1;
				DEVELOPMENT_TEAM = 5AN4GAV8W4;
				GENERATE_INFOPLIST_FILE = YES;
				INFOPLIST_FILE = GithubJavaPop/Info.plist;
				INFOPLIST_KEY_UIApplicationSupportsIndirectInputEvents = YES;
				INFOPLIST_KEY_UILaunchStoryboardName = LaunchScreen;
				INFOPLIST_KEY_UIMainStoryboardFile = RepositoryStoryboard;
				INFOPLIST_KEY_UISupportedInterfaceOrientations_iPad = "UIInterfaceOrientationPortrait UIInterfaceOrientationPortraitUpsideDown UIInterfaceOrientationLandscapeLeft UIInterfaceOrientationLandscapeRight";
				INFOPLIST_KEY_UISupportedInterfaceOrientations_iPhone = "UIInterfaceOrientationPortrait UIInterfaceOrientationLandscapeLeft UIInterfaceOrientationLandscapeRight";
				LD_RUNPATH_SEARCH_PATHS = (
					"$(inherited)",
					"@executable_path/Frameworks",
				);
				MARKETING_VERSION = 1.0;
				PRODUCT_BUNDLE_IDENTIFIER = com.sucris.GithubJavaPop;
				PRODUCT_NAME = "$(TARGET_NAME)";
				SWIFT_EMIT_LOC_STRINGS = YES;
				SWIFT_VERSION = 5.0;
				TARGETED_DEVICE_FAMILY = "1,2";
			};
			name = Debug;
		};
		8C41B7B3283BBF28008085F4 /* Release */ = {
			isa = XCBuildConfiguration;
			buildSettings = {
				ASSETCATALOG_COMPILER_APPICON_NAME = AppIcon;
				ASSETCATALOG_COMPILER_GLOBAL_ACCENT_COLOR_NAME = AccentColor;
				CODE_SIGN_STYLE = Automatic;
				CURRENT_PROJECT_VERSION = 1;
				DEVELOPMENT_TEAM = 5AN4GAV8W4;
				GENERATE_INFOPLIST_FILE = YES;
				INFOPLIST_FILE = GithubJavaPop/Info.plist;
				INFOPLIST_KEY_UIApplicationSupportsIndirectInputEvents = YES;
				INFOPLIST_KEY_UILaunchStoryboardName = LaunchScreen;
				INFOPLIST_KEY_UIMainStoryboardFile = RepositoryStoryboard;
				INFOPLIST_KEY_UISupportedInterfaceOrientations_iPad = "UIInterfaceOrientationPortrait UIInterfaceOrientationPortraitUpsideDown UIInterfaceOrientationLandscapeLeft UIInterfaceOrientationLandscapeRight";
				INFOPLIST_KEY_UISupportedInterfaceOrientations_iPhone = "UIInterfaceOrientationPortrait UIInterfaceOrientationLandscapeLeft UIInterfaceOrientationLandscapeRight";
				LD_RUNPATH_SEARCH_PATHS = (
					"$(inherited)",
					"@executable_path/Frameworks",
				);
				MARKETING_VERSION = 1.0;
				PRODUCT_BUNDLE_IDENTIFIER = com.sucris.GithubJavaPop;
				PRODUCT_NAME = "$(TARGET_NAME)";
				SWIFT_EMIT_LOC_STRINGS = YES;
				SWIFT_VERSION = 5.0;
				TARGETED_DEVICE_FAMILY = "1,2";
			};
			name = Release;
		};
/* End XCBuildConfiguration section */

/* Begin XCConfigurationList section */
		8C41B798283BBF28008085F4 /* Build configuration list for PBXProject "GithubJavaPop" */ = {
			isa = XCConfigurationList;
			buildConfigurations = (
				8C41B7AF283BBF28008085F4 /* Debug */,
				8C41B7B0283BBF28008085F4 /* Release */,
			);
			defaultConfigurationIsVisible = 0;
			defaultConfigurationName = Release;
		};
		8C41B7B1283BBF28008085F4 /* Build configuration list for PBXNativeTarget "GithubJavaPop" */ = {
			isa = XCConfigurationList;
			buildConfigurations = (
				8C41B7B2283BBF28008085F4 /* Debug */,
				8C41B7B3283BBF28008085F4 /* Release */,
			);
			defaultConfigurationIsVisible = 0;
			defaultConfigurationName = Release;
		};
/* End XCConfigurationList section */

/* Begin XCRemoteSwiftPackageReference section */
		8CBBA9592847FB7F004412A7 /* XCRemoteSwiftPackageReference "Kingfisher" */ = {
			isa = XCRemoteSwiftPackageReference;
			repositoryURL = "https://github.com/onevcat/Kingfisher.git";
			requirement = {
				kind = upToNextMajorVersion;
				minimumVersion = 7.0.0;
			};
		};
/* End XCRemoteSwiftPackageReference section */

/* Begin XCSwiftPackageProductDependency section */
		8CBBA95A2847FB7F004412A7 /* Kingfisher */ = {
			isa = XCSwiftPackageProductDependency;
			package = 8CBBA9592847FB7F004412A7 /* XCRemoteSwiftPackageReference "Kingfisher" */;
			productName = Kingfisher;
		};
/* End XCSwiftPackageProductDependency section */
	};
	rootObject = 8C41B795283BBF28008085F4 /* Project object */;
}
